// !$*UTF8*$!
{
	archiveVersion = 1;
	classes = {
	};
	objectVersion = 55;
	objects = {

/* Begin PBXBuildFile section */
		45144F672864365000441AA3 /* PasswordModel.swift in Sources */ = {isa = PBXBuildFile; fileRef = 45144F662864365000441AA3 /* PasswordModel.swift */; };
		458217482860856F00524A2E /* Swift.icns in Resources */ = {isa = PBXBuildFile; fileRef = 458217472860856F00524A2E /* Swift.icns */; };
		4582174A2860891000524A2E /* Password_GeneratorApp.swift in Sources */ = {isa = PBXBuildFile; fileRef = 458217492860891000524A2E /* Password_GeneratorApp.swift */; };
		459981C9286051F200E59F08 /* GeneratorView.swift in Sources */ = {isa = PBXBuildFile; fileRef = 459981C8286051F200E59F08 /* GeneratorView.swift */; };
		459981CB2860525900E59F08 /* SavesView.swift in Sources */ = {isa = PBXBuildFile; fileRef = 459981CA2860525900E59F08 /* SavesView.swift */; };
		45E3F9DA285F7102002D3906 /* Assets.xcassets in Resources */ = {isa = PBXBuildFile; fileRef = 45E3F9D9285F7102002D3906 /* Assets.xcassets */; };
		45E3F9DD285F7102002D3906 /* Preview Assets.xcassets in Resources */ = {isa = PBXBuildFile; fileRef = 45E3F9DC285F7102002D3906 /* Preview Assets.xcassets */; };
		45E3F9E9285F9091002D3906 /* Generator.cpp in Sources */ = {isa = PBXBuildFile; fileRef = 45E3F9E7285F9091002D3906 /* Generator.cpp */; };
		45E3F9EB285FA116002D3906 /* CPP_Wrapper.mm in Sources */ = {isa = PBXBuildFile; fileRef = 45E3F9EA285FA116002D3906 /* CPP_Wrapper.mm */; };
/* End PBXBuildFile section */

/* Begin PBXFileReference section */
		45144F662864365000441AA3 /* PasswordModel.swift */ = {isa = PBXFileReference; lastKnownFileType = sourcecode.swift; path = PasswordModel.swift; sourceTree = "<group>"; };
		458217472860856F00524A2E /* Swift.icns */ = {isa = PBXFileReference; lastKnownFileType = image.icns; path = Swift.icns; sourceTree = "<group>"; };
		458217492860891000524A2E /* Password_GeneratorApp.swift */ = {isa = PBXFileReference; fileEncoding = 4; lastKnownFileType = sourcecode.swift; path = Password_GeneratorApp.swift; sourceTree = "<group>"; };
		459981C8286051F200E59F08 /* GeneratorView.swift */ = {isa = PBXFileReference; lastKnownFileType = sourcecode.swift; path = GeneratorView.swift; sourceTree = "<group>"; };
		459981CA2860525900E59F08 /* SavesView.swift */ = {isa = PBXFileReference; lastKnownFileType = sourcecode.swift; path = SavesView.swift; sourceTree = "<group>"; };
		45BC3A4928607DFB001FFDBA /* Password-Generator-Info.plist */ = {isa = PBXFileReference; lastKnownFileType = text.plist; path = "Password-Generator-Info.plist"; sourceTree = SOURCE_ROOT; };
		45E3F9D2285F7101002D3906 /* Password Generator.app */ = {isa = PBXFileReference; explicitFileType = wrapper.application; includeInIndex = 0; path = "Password Generator.app"; sourceTree = BUILT_PRODUCTS_DIR; };
		45E3F9D9285F7102002D3906 /* Assets.xcassets */ = {isa = PBXFileReference; lastKnownFileType = folder.assetcatalog; path = Assets.xcassets; sourceTree = "<group>"; };
		45E3F9DC285F7102002D3906 /* Preview Assets.xcassets */ = {isa = PBXFileReference; lastKnownFileType = folder.assetcatalog; path = "Preview Assets.xcassets"; sourceTree = "<group>"; };
		45E3F9DE285F7102002D3906 /* Password_Generator.entitlements */ = {isa = PBXFileReference; lastKnownFileType = text.plist.entitlements; path = Password_Generator.entitlements; sourceTree = "<group>"; };
		45E3F9E6285F9091002D3906 /* Password Generator-Bridging-Header.h */ = {isa = PBXFileReference; lastKnownFileType = sourcecode.c.h; path = "Password Generator-Bridging-Header.h"; sourceTree = "<group>"; };
		45E3F9E7285F9091002D3906 /* Generator.cpp */ = {isa = PBXFileReference; lastKnownFileType = sourcecode.cpp.cpp; path = Generator.cpp; sourceTree = "<group>"; };
		45E3F9E8285F9091002D3906 /* Generator.hpp */ = {isa = PBXFileReference; lastKnownFileType = sourcecode.cpp.h; path = Generator.hpp; sourceTree = "<group>"; };
		45E3F9EA285FA116002D3906 /* CPP_Wrapper.mm */ = {isa = PBXFileReference; lastKnownFileType = sourcecode.cpp.objcpp; path = CPP_Wrapper.mm; sourceTree = "<group>"; };
		45E3F9EC285FA153002D3906 /* CPP_Wrapper.h */ = {isa = PBXFileReference; lastKnownFileType = sourcecode.c.h; path = CPP_Wrapper.h; sourceTree = "<group>"; };
/* End PBXFileReference section */

/* Begin PBXFrameworksBuildPhase section */
		45E3F9CF285F7101002D3906 /* Frameworks */ = {
			isa = PBXFrameworksBuildPhase;
			buildActionMask = 2147483647;
			files = (
			);
			runOnlyForDeploymentPostprocessing = 0;
		};
/* End PBXFrameworksBuildPhase section */

/* Begin PBXGroup section */
		45144F652864362900441AA3 /* Models */ = {
			isa = PBXGroup;
			children = (
				45144F662864365000441AA3 /* PasswordModel.swift */,
			);
			path = Models;
			sourceTree = "<group>";
		};
		459981C7286051AC00E59F08 /* Views */ = {
			isa = PBXGroup;
			children = (
				459981C8286051F200E59F08 /* GeneratorView.swift */,
				459981CA2860525900E59F08 /* SavesView.swift */,
			);
			path = Views;
			sourceTree = "<group>";
		};
		459981CC286055AE00E59F08 /* cplusplus */ = {
			isa = PBXGroup;
			children = (
				45E3F9EA285FA116002D3906 /* CPP_Wrapper.mm */,
				45E3F9EC285FA153002D3906 /* CPP_Wrapper.h */,
				45E3F9E7285F9091002D3906 /* Generator.cpp */,
				45E3F9E8285F9091002D3906 /* Generator.hpp */,
			);
			path = cplusplus;
			sourceTree = "<group>";
		};
		45E3F9C9285F7101002D3906 = {
			isa = PBXGroup;
			children = (
				45E3F9D4285F7101002D3906 /* Password Generator */,
				45E3F9D3285F7101002D3906 /* Products */,
			);
			sourceTree = "<group>";
		};
		45E3F9D3285F7101002D3906 /* Products */ = {
			isa = PBXGroup;
			children = (
				45E3F9D2285F7101002D3906 /* Password Generator.app */,
			);
			name = Products;
			sourceTree = "<group>";
		};
		45E3F9D4285F7101002D3906 /* Password Generator */ = {
			isa = PBXGroup;
			children = (
				458217492860891000524A2E /* Password_GeneratorApp.swift */,
				459981C7286051AC00E59F08 /* Views */,
				45144F652864362900441AA3 /* Models */,
				459981CC286055AE00E59F08 /* cplusplus */,
				45E3F9E6285F9091002D3906 /* Password Generator-Bridging-Header.h */,
				45E3F9D9285F7102002D3906 /* Assets.xcassets */,
				45E3F9DE285F7102002D3906 /* Password_Generator.entitlements */,
				45BC3A4928607DFB001FFDBA /* Password-Generator-Info.plist */,
				458217472860856F00524A2E /* Swift.icns */,
				45E3F9DB285F7102002D3906 /* Preview Content */,
			);
			path = "Password Generator";
			sourceTree = "<group>";
		};
		45E3F9DB285F7102002D3906 /* Preview Content */ = {
			isa = PBXGroup;
			children = (
				45E3F9DC285F7102002D3906 /* Preview Assets.xcassets */,
			);
			path = "Preview Content";
			sourceTree = "<group>";
		};
/* End PBXGroup section */

/* Begin PBXNativeTarget section */
		45E3F9D1285F7101002D3906 /* Password Generator */ = {
			isa = PBXNativeTarget;
			buildConfigurationList = 45E3F9E1285F7102002D3906 /* Build configuration list for PBXNativeTarget "Password Generator" */;
			buildPhases = (
				45E3F9CE285F7101002D3906 /* Sources */,
				45E3F9CF285F7101002D3906 /* Frameworks */,
				45E3F9D0285F7101002D3906 /* Resources */,
			);
			buildRules = (
			);
			dependencies = (
			);
			name = "Password Generator";
			productName = "Password Generator";
			productReference = 45E3F9D2285F7101002D3906 /* Password Generator.app */;
			productType = "com.apple.product-type.application";
		};
/* End PBXNativeTarget section */

/* Begin PBXProject section */
		45E3F9CA285F7101002D3906 /* Project object */ = {
			isa = PBXProject;
			attributes = {
				BuildIndependentTargetsInParallel = 1;
				LastSwiftUpdateCheck = 1320;
				LastUpgradeCheck = 1320;
				TargetAttributes = {
					45E3F9D1285F7101002D3906 = {
						CreatedOnToolsVersion = 13.2.1;
						LastSwiftMigration = 1320;
					};
				};
			};
			buildConfigurationList = 45E3F9CD285F7101002D3906 /* Build configuration list for PBXProject "Password Generator" */;
			compatibilityVersion = "Xcode 13.0";
			developmentRegion = en;
			hasScannedForEncodings = 0;
			knownRegions = (
				en,
				Base,
			);
			mainGroup = 45E3F9C9285F7101002D3906;
			productRefGroup = 45E3F9D3285F7101002D3906 /* Products */;
			projectDirPath = "";
			projectRoot = "";
			targets = (
				45E3F9D1285F7101002D3906 /* Password Generator */,
			);
		};
/* End PBXProject section */

/* Begin PBXResourcesBuildPhase section */
		45E3F9D0285F7101002D3906 /* Resources */ = {
			isa = PBXResourcesBuildPhase;
			buildActionMask = 2147483647;
			files = (
				45E3F9DD285F7102002D3906 /* Preview Assets.xcassets in Resources */,
				458217482860856F00524A2E /* Swift.icns in Resources */,
				45E3F9DA285F7102002D3906 /* Assets.xcassets in Resources */,
			);
			runOnlyForDeploymentPostprocessing = 0;
		};
/* End PBXResourcesBuildPhase section */

/* Begin PBXSourcesBuildPhase section */
		45E3F9CE285F7101002D3906 /* Sources */ = {
			isa = PBXSourcesBuildPhase;
			buildActionMask = 2147483647;
			files = (
				45144F672864365000441AA3 /* PasswordModel.swift in Sources */,
				45E3F9EB285FA116002D3906 /* CPP_Wrapper.mm in Sources */,
				459981CB2860525900E59F08 /* SavesView.swift in Sources */,
				459981C9286051F200E59F08 /* GeneratorView.swift in Sources */,
				4582174A2860891000524A2E /* Password_GeneratorApp.swift in Sources */,
				45E3F9E9285F9091002D3906 /* Generator.cpp in Sources */,
			);
			runOnlyForDeploymentPostprocessing = 0;
		};
/* End PBXSourcesBuildPhase section */

/* Begin XCBuildConfiguration section */
		45E3F9DF285F7102002D3906 /* Debug */ = {
			isa = XCBuildConfiguration;
			buildSettings = {
				ALWAYS_SEARCH_USER_PATHS = NO;
				CLANG_ANALYZER_NONNULL = YES;
				CLANG_ANALYZER_NUMBER_OBJECT_CONVERSION = YES_AGGRESSIVE;
				CLANG_CXX_LANGUAGE_STANDARD = "gnu++17";
				CLANG_CXX_LIBRARY = "libc++";
				CLANG_ENABLE_MODULES = YES;
				CLANG_ENABLE_OBJC_ARC = YES;
				CLANG_ENABLE_OBJC_WEAK = YES;
				CLANG_WARN_BLOCK_CAPTURE_AUTORELEASING = YES;
				CLANG_WARN_BOOL_CONVERSION = YES;
				CLANG_WARN_COMMA = YES;
				CLANG_WARN_CONSTANT_CONVERSION = YES;
				CLANG_WARN_DEPRECATED_OBJC_IMPLEMENTATIONS = YES;
				CLANG_WARN_DIRECT_OBJC_ISA_USAGE = YES_ERROR;
				CLANG_WARN_DOCUMENTATION_COMMENTS = YES;
				CLANG_WARN_EMPTY_BODY = YES;
				CLANG_WARN_ENUM_CONVERSION = YES;
				CLANG_WARN_INFINITE_RECURSION = YES;
				CLANG_WARN_INT_CONVERSION = YES;
				CLANG_WARN_NON_LITERAL_NULL_CONVERSION = YES;
				CLANG_WARN_OBJC_IMPLICIT_RETAIN_SELF = YES;
				CLANG_WARN_OBJC_LITERAL_CONVERSION = YES;
				CLANG_WARN_OBJC_ROOT_CLASS = YES_ERROR;
				CLANG_WARN_QUOTED_INCLUDE_IN_FRAMEWORK_HEADER = YES;
				CLANG_WARN_RANGE_LOOP_ANALYSIS = YES;
				CLANG_WARN_STRICT_PROTOTYPES = YES;
				CLANG_WARN_SUSPICIOUS_MOVE = YES;
				CLANG_WARN_UNGUARDED_AVAILABILITY = YES_AGGRESSIVE;
				CLANG_WARN_UNREACHABLE_CODE = YES;
				CLANG_WARN__DUPLICATE_METHOD_MATCH = YES;
				COPY_PHASE_STRIP = NO;
				DEBUG_INFORMATION_FORMAT = dwarf;
				ENABLE_STRICT_OBJC_MSGSEND = YES;
				ENABLE_TESTABILITY = YES;
				GCC_C_LANGUAGE_STANDARD = gnu11;
				GCC_DYNAMIC_NO_PIC = NO;
				GCC_NO_COMMON_BLOCKS = YES;
				GCC_OPTIMIZATION_LEVEL = 0;
				GCC_PREPROCESSOR_DEFINITIONS = (
					"DEBUG=1",
					"$(inherited)",
				);
				GCC_WARN_64_TO_32_BIT_CONVERSION = YES;
				GCC_WARN_ABOUT_RETURN_TYPE = YES_ERROR;
				GCC_WARN_UNDECLARED_SELECTOR = YES;
				GCC_WARN_UNINITIALIZED_AUTOS = YES_AGGRESSIVE;
				GCC_WARN_UNUSED_FUNCTION = YES;
				GCC_WARN_UNUSED_VARIABLE = YES;
				MACOSX_DEPLOYMENT_TARGET = 11.6;
				MTL_ENABLE_DEBUG_INFO = INCLUDE_SOURCE;
				MTL_FAST_MATH = YES;
				ONLY_ACTIVE_ARCH = YES;
				SDKROOT = macosx;
				SWIFT_ACTIVE_COMPILATION_CONDITIONS = DEBUG;
				SWIFT_OPTIMIZATION_LEVEL = "-Onone";
			};
			name = Debug;
		};
		45E3F9E0285F7102002D3906 /* Release */ = {
			isa = XCBuildConfiguration;
			buildSettings = {
				ALWAYS_SEARCH_USER_PATHS = NO;
				CLANG_ANALYZER_NONNULL = YES;
				CLANG_ANALYZER_NUMBER_OBJECT_CONVERSION = YES_AGGRESSIVE;
				CLANG_CXX_LANGUAGE_STANDARD = "gnu++17";
				CLANG_CXX_LIBRARY = "libc++";
				CLANG_ENABLE_MODULES = YES;
				CLANG_ENABLE_OBJC_ARC = YES;
				CLANG_ENABLE_OBJC_WEAK = YES;
				CLANG_WARN_BLOCK_CAPTURE_AUTORELEASING = YES;
				CLANG_WARN_BOOL_CONVERSION = YES;
				CLANG_WARN_COMMA = YES;
				CLANG_WARN_CONSTANT_CONVERSION = YES;
				CLANG_WARN_DEPRECATED_OBJC_IMPLEMENTATIONS = YES;
				CLANG_WARN_DIRECT_OBJC_ISA_USAGE = YES_ERROR;
				CLANG_WARN_DOCUMENTATION_COMMENTS = YES;
				CLANG_WARN_EMPTY_BODY = YES;
				CLANG_WARN_ENUM_CONVERSION = YES;
				CLANG_WARN_INFINITE_RECURSION = YES;
				CLANG_WARN_INT_CONVERSION = YES;
				CLANG_WARN_NON_LITERAL_NULL_CONVERSION = YES;
				CLANG_WARN_OBJC_IMPLICIT_RETAIN_SELF = YES;
				CLANG_WARN_OBJC_LITERAL_CONVERSION = YES;
				CLANG_WARN_OBJC_ROOT_CLASS = YES_ERROR;
				CLANG_WARN_QUOTED_INCLUDE_IN_FRAMEWORK_HEADER = YES;
				CLANG_WARN_RANGE_LOOP_ANALYSIS = YES;
				CLANG_WARN_STRICT_PROTOTYPES = YES;
				CLANG_WARN_SUSPICIOUS_MOVE = YES;
				CLANG_WARN_UNGUARDED_AVAILABILITY = YES_AGGRESSIVE;
				CLANG_WARN_UNREACHABLE_CODE = YES;
				CLANG_WARN__DUPLICATE_METHOD_MATCH = YES;
				COPY_PHASE_STRIP = NO;
				DEBUG_INFORMATION_FORMAT = "dwarf-with-dsym";
				ENABLE_NS_ASSERTIONS = NO;
				ENABLE_STRICT_OBJC_MSGSEND = YES;
				GCC_C_LANGUAGE_STANDARD = gnu11;
				GCC_NO_COMMON_BLOCKS = YES;
				GCC_WARN_64_TO_32_BIT_CONVERSION = YES;
				GCC_WARN_ABOUT_RETURN_TYPE = YES_ERROR;
				GCC_WARN_UNDECLARED_SELECTOR = YES;
				GCC_WARN_UNINITIALIZED_AUTOS = YES_AGGRESSIVE;
				GCC_WARN_UNUSED_FUNCTION = YES;
				GCC_WARN_UNUSED_VARIABLE = YES;
				MACOSX_DEPLOYMENT_TARGET = 11.6;
				MTL_ENABLE_DEBUG_INFO = NO;
				MTL_FAST_MATH = YES;
				SDKROOT = macosx;
				SWIFT_COMPILATION_MODE = wholemodule;
				SWIFT_OPTIMIZATION_LEVEL = "-O";
			};
			name = Release;
		};
		45E3F9E2285F7102002D3906 /* Debug */ = {
			isa = XCBuildConfiguration;
			buildSettings = {
				ASSETCATALOG_COMPILER_APPICON_NAME = AppIcon;
				ASSETCATALOG_COMPILER_GLOBAL_ACCENT_COLOR_NAME = AccentColor;
				CLANG_ENABLE_MODULES = YES;
				CODE_SIGN_ENTITLEMENTS = "Password Generator/Password_Generator.entitlements";
				CODE_SIGN_STYLE = Automatic;
				COMBINE_HIDPI_IMAGES = YES;
				CURRENT_PROJECT_VERSION = 1;
				DEVELOPMENT_ASSET_PATHS = "\"Password Generator/Preview Content\"";
				ENABLE_PREVIEWS = YES;
				GENERATE_INFOPLIST_FILE = YES;
				INFOPLIST_FILE = "Password-Generator-Info.plist";
				INFOPLIST_KEY_LSApplicationCategoryType = "public.app-category.productivity";
				INFOPLIST_KEY_NSHumanReadableCopyright = "";
				LD_RUNPATH_SEARCH_PATHS = (
					"$(inherited)",
					"@executable_path/../Frameworks",
				);
				MARKETING_VERSION = 0.1.1;
				PRODUCT_BUNDLE_IDENTIFIER = "com.chiefdondjeu.Password-Generator";
				PRODUCT_NAME = "$(TARGET_NAME)";
				SWIFT_EMIT_LOC_STRINGS = YES;
				SWIFT_OBJC_BRIDGING_HEADER = "Password Generator/Password Generator-Bridging-Header.h";
				SWIFT_OPTIMIZATION_LEVEL = "-Onone";
				SWIFT_VERSION = 5.0;
			};
			name = Debug;
		};
		45E3F9E3285F7102002D3906 /* Release */ = {
			isa = XCBuildConfiguration;
			buildSettings = {
				ASSETCATALOG_COMPILER_APPICON_NAME = AppIcon;
				ASSETCATALOG_COMPILER_GLOBAL_ACCENT_COLOR_NAME = AccentColor;
				CLANG_ENABLE_MODULES = YES;
				CODE_SIGN_ENTITLEMENTS = "Password Generator/Password_Generator.entitlements";
				CODE_SIGN_STYLE = Automatic;
				COMBINE_HIDPI_IMAGES = YES;
				CURRENT_PROJECT_VERSION = 1;
				DEVELOPMENT_ASSET_PATHS = "\"Password Generator/Preview Content\"";
				ENABLE_PREVIEWS = YES;
				GENERATE_INFOPLIST_FILE = YES;
				INFOPLIST_FILE = "Password-Generator-Info.plist";
				INFOPLIST_KEY_LSApplicationCategoryType = "public.app-category.productivity";
				INFOPLIST_KEY_NSHumanReadableCopyright = "";
				LD_RUNPATH_SEARCH_PATHS = (
					"$(inherited)",
					"@executable_path/../Frameworks",
				);
				MARKETING_VERSION = 0.1.1;
				PRODUCT_BUNDLE_IDENTIFIER = "com.chiefdondjeu.Password-Generator";
				PRODUCT_NAME = "$(TARGET_NAME)";
				SWIFT_EMIT_LOC_STRINGS = YES;
				SWIFT_OBJC_BRIDGING_HEADER = "Password Generator/Password Generator-Bridging-Header.h";
				SWIFT_VERSION = 5.0;
			};
			name = Release;
		};
/* End XCBuildConfiguration section */

/* Begin XCConfigurationList section */
		45E3F9CD285F7101002D3906 /* Build configuration list for PBXProject "Password Generator" */ = {
			isa = XCConfigurationList;
			buildConfigurations = (
				45E3F9DF285F7102002D3906 /* Debug */,
				45E3F9E0285F7102002D3906 /* Release */,
			);
			defaultConfigurationIsVisible = 0;
			defaultConfigurationName = Release;
		};
		45E3F9E1285F7102002D3906 /* Build configuration list for PBXNativeTarget "Password Generator" */ = {
			isa = XCConfigurationList;
			buildConfigurations = (
				45E3F9E2285F7102002D3906 /* Debug */,
				45E3F9E3285F7102002D3906 /* Release */,
			);
			defaultConfigurationIsVisible = 0;
			defaultConfigurationName = Release;
		};
/* End XCConfigurationList section */
	};
	rootObject = 45E3F9CA285F7101002D3906 /* Project object */;
}
